
Microsoft Visual Studio Solution File, Format Version 12.00
# Visual Studio 2012
Project("{FAE04EC0-301F-11D3-BF4B-00C04F79EFBC}") = "StarBooks", "StarBooks\StarBooks.csproj", "{122C68D0-C75C-43D8-B909-8952E5D6B13C}"
EndProject
Global
	GlobalSection(SolutionConfigurationPlatforms) = preSolution
		Debug|Any CPU = Debug|Any CPU
		Release|Any CPU = Release|Any CPU
	EndGlobalSection
	GlobalSection(ProjectConfigurationPlatforms) = postSolution
		{122C68D0-C75C-43D8-B909-8952E5D6B13C}.Debug|Any CPU.ActiveCfg = Debug|Any CPU
		{122C68D0-C75C-43D8-B909-8952E5D6B13C}.Debug|Any CPU.Build.0 = Debug|Any CPU
		{122C68D0-C75C-43D8-B909-8952E5D6B13C}.Release|Any CPU.ActiveCfg = Release|Any CPU
		{122C68D0-C75C-43D8-B909-8952E5D6B13C}.Release|Any CPU.Build.0 = Release|Any CPU
	EndGlobalSection
	GlobalSection(SolutionProperties) = preSolution
		HideSolutionNode = FALSE
	EndGlobalSection
EndGlobal
